// !$*UTF8*$!
{
	archiveVersion = 1;
	classes = {
	};
	objectVersion = 50;
	objects = {

/* Begin PBXBuildFile section */
		CDDE4DD9255591F700329982 /* AppDelegate.swift in Sources */ = {isa = PBXBuildFile; fileRef = CDDE4DD8255591F700329982 /* AppDelegate.swift */; };
		CDDE4DDB255591F700329982 /* SceneDelegate.swift in Sources */ = {isa = PBXBuildFile; fileRef = CDDE4DDA255591F700329982 /* SceneDelegate.swift */; };
		CDDE4DDD255591F700329982 /* ViewController.swift in Sources */ = {isa = PBXBuildFile; fileRef = CDDE4DDC255591F700329982 /* ViewController.swift */; };
		CDDE4DE0255591F700329982 /* Main.storyboard in Resources */ = {isa = PBXBuildFile; fileRef = CDDE4DDE255591F700329982 /* Main.storyboard */; };
		CDDE4DE2255591FA00329982 /* Assets.xcassets in Resources */ = {isa = PBXBuildFile; fileRef = CDDE4DE1255591FA00329982 /* Assets.xcassets */; };
		CDDE4DE5255591FA00329982 /* LaunchScreen.storyboard in Resources */ = {isa = PBXBuildFile; fileRef = CDDE4DE3255591FA00329982 /* LaunchScreen.storyboard */; };
		CDDE4DF0255591FB00329982 /* RPSTests.swift in Sources */ = {isa = PBXBuildFile; fileRef = CDDE4DEF255591FB00329982 /* RPSTests.swift */; };
		CDDE4DFB255591FB00329982 /* RPSUITests.swift in Sources */ = {isa = PBXBuildFile; fileRef = CDDE4DFA255591FB00329982 /* RPSUITests.swift */; };
		CDDE4E112555940000329982 /* GameState.swift in Sources */ = {isa = PBXBuildFile; fileRef = CDDE4E102555940000329982 /* GameState.swift */; };
		CDDE4E1925559AD200329982 /* Sign.swift in Sources */ = {isa = PBXBuildFile; fileRef = CDDE4E1825559AD200329982 /* Sign.swift */; };
/* End PBXBuildFile section */

/* Begin PBXContainerItemProxy section */
		CDDE4DEC255591FB00329982 /* PBXContainerItemProxy */ = {
			isa = PBXContainerItemProxy;
			containerPortal = CDDE4DCD255591F700329982 /* Project object */;
			proxyType = 1;
			remoteGlobalIDString = CDDE4DD4255591F700329982;
			remoteInfo = RPS;
		};
		CDDE4DF7255591FB00329982 /* PBXContainerItemProxy */ = {
			isa = PBXContainerItemProxy;
			containerPortal = CDDE4DCD255591F700329982 /* Project object */;
			proxyType = 1;
			remoteGlobalIDString = CDDE4DD4255591F700329982;
			remoteInfo = RPS;
		};
/* End PBXContainerItemProxy section */

/* Begin PBXFileReference section */
		CDDE4DD5255591F700329982 /* RPS.app */ = {isa = PBXFileReference; explicitFileType = wrapper.application; includeInIndex = 0; path = RPS.app; sourceTree = BUILT_PRODUCTS_DIR; };
		CDDE4DD8255591F700329982 /* AppDelegate.swift */ = {isa = PBXFileReference; lastKnownFileType = sourcecode.swift; path = AppDelegate.swift; sourceTree = "<group>"; };
		CDDE4DDA255591F700329982 /* SceneDelegate.swift */ = {isa = PBXFileReference; lastKnownFileType = sourcecode.swift; path = SceneDelegate.swift; sourceTree = "<group>"; };
		CDDE4DDC255591F700329982 /* ViewController.swift */ = {isa = PBXFileReference; lastKnownFileType = sourcecode.swift; path = ViewController.swift; sourceTree = "<group>"; };
		CDDE4DDF255591F700329982 /* Base */ = {isa = PBXFileReference; lastKnownFileType = file.storyboard; name = Base; path = Base.lproj/Main.storyboard; sourceTree = "<group>"; };
		CDDE4DE1255591FA00329982 /* Assets.xcassets */ = {isa = PBXFileReference; lastKnownFileType = folder.assetcatalog; path = Assets.xcassets; sourceTree = "<group>"; };
		CDDE4DE4255591FA00329982 /* Base */ = {isa = PBXFileReference; lastKnownFileType = file.storyboard; name = Base; path = Base.lproj/LaunchScreen.storyboard; sourceTree = "<group>"; };
		CDDE4DE6255591FA00329982 /* Info.plist */ = {isa = PBXFileReference; lastKnownFileType = text.plist.xml; path = Info.plist; sourceTree = "<group>"; };
		CDDE4DEB255591FB00329982 /* RPSTests.xctest */ = {isa = PBXFileReference; explicitFileType = wrapper.cfbundle; includeInIndex = 0; path = RPSTests.xctest; sourceTree = BUILT_PRODUCTS_DIR; };
		CDDE4DEF255591FB00329982 /* RPSTests.swift */ = {isa = PBXFileReference; lastKnownFileType = sourcecode.swift; path = RPSTests.swift; sourceTree = "<group>"; };
		CDDE4DF1255591FB00329982 /* Info.plist */ = {isa = PBXFileReference; lastKnownFileType = text.plist.xml; path = Info.plist; sourceTree = "<group>"; };
		CDDE4DF6255591FB00329982 /* RPSUITests.xctest */ = {isa = PBXFileReference; explicitFileType = wrapper.cfbundle; includeInIndex = 0; path = RPSUITests.xctest; sourceTree = BUILT_PRODUCTS_DIR; };
		CDDE4DFA255591FB00329982 /* RPSUITests.swift */ = {isa = PBXFileReference; lastKnownFileType = sourcecode.swift; path = RPSUITests.swift; sourceTree = "<group>"; };
		CDDE4DFC255591FB00329982 /* Info.plist */ = {isa = PBXFileReference; lastKnownFileType = text.plist.xml; path = Info.plist; sourceTree = "<group>"; };
		CDDE4E102555940000329982 /* GameState.swift */ = {isa = PBXFileReference; lastKnownFileType = sourcecode.swift; path = GameState.swift; sourceTree = "<group>"; };
		CDDE4E1825559AD200329982 /* Sign.swift */ = {isa = PBXFileReference; lastKnownFileType = sourcecode.swift; path = Sign.swift; sourceTree = "<group>"; };
/* End PBXFileReference section */

/* Begin PBXFrameworksBuildPhase section */
		CDDE4DD2255591F700329982 /* Frameworks */ = {
			isa = PBXFrameworksBuildPhase;
			buildActionMask = 2147483647;
			files = (
			);
			runOnlyForDeploymentPostprocessing = 0;
		};
		CDDE4DE8255591FB00329982 /* Frameworks */ = {
			isa = PBXFrameworksBuildPhase;
			buildActionMask = 2147483647;
			files = (
			);
			runOnlyForDeploymentPostprocessing = 0;
		};
		CDDE4DF3255591FB00329982 /* Frameworks */ = {
			isa = PBXFrameworksBuildPhase;
			buildActionMask = 2147483647;
			files = (
			);
			runOnlyForDeploymentPostprocessing = 0;
		};
/* End PBXFrameworksBuildPhase section */

/* Begin PBXGroup section */
		CDDE4DCC255591F700329982 = {
			isa = PBXGroup;
			children = (
				CDDE4DD7255591F700329982 /* RPS */,
				CDDE4DEE255591FB00329982 /* RPSTests */,
				CDDE4DF9255591FB00329982 /* RPSUITests */,
				CDDE4DD6255591F700329982 /* Products */,
			);
			sourceTree = "<group>";
		};
		CDDE4DD6255591F700329982 /* Products */ = {
			isa = PBXGroup;
			children = (
				CDDE4DD5255591F700329982 /* RPS.app */,
				CDDE4DEB255591FB00329982 /* RPSTests.xctest */,
				CDDE4DF6255591FB00329982 /* RPSUITests.xctest */,
			);
			name = Products;
			sourceTree = "<group>";
		};
		CDDE4DD7255591F700329982 /* RPS */ = {
			isa = PBXGroup;
			children = (
				CDDE4DD8255591F700329982 /* AppDelegate.swift */,
				CDDE4DDA255591F700329982 /* SceneDelegate.swift */,
				CDDE4DDC255591F700329982 /* ViewController.swift */,
				CDDE4DDE255591F700329982 /* Main.storyboard */,
				CDDE4DE1255591FA00329982 /* Assets.xcassets */,
				CDDE4DE3255591FA00329982 /* LaunchScreen.storyboard */,
				CDDE4DE6255591FA00329982 /* Info.plist */,
				CDDE4E102555940000329982 /* GameState.swift */,
				CDDE4E1825559AD200329982 /* Sign.swift */,
			);
			path = RPS;
			sourceTree = "<group>";
		};
		CDDE4DEE255591FB00329982 /* RPSTests */ = {
			isa = PBXGroup;
			children = (
				CDDE4DEF255591FB00329982 /* RPSTests.swift */,
				CDDE4DF1255591FB00329982 /* Info.plist */,
			);
			path = RPSTests;
			sourceTree = "<group>";
		};
		CDDE4DF9255591FB00329982 /* RPSUITests */ = {
			isa = PBXGroup;
			children = (
				CDDE4DFA255591FB00329982 /* RPSUITests.swift */,
				CDDE4DFC255591FB00329982 /* Info.plist */,
			);
			path = RPSUITests;
			sourceTree = "<group>";
		};
/* End PBXGroup section */

/* Begin PBXNativeTarget section */
		CDDE4DD4255591F700329982 /* RPS */ = {
			isa = PBXNativeTarget;
			buildConfigurationList = CDDE4DFF255591FB00329982 /* Build configuration list for PBXNativeTarget "RPS" */;
			buildPhases = (
				CDDE4DD1255591F700329982 /* Sources */,
				CDDE4DD2255591F700329982 /* Frameworks */,
				CDDE4DD3255591F700329982 /* Resources */,
			);
			buildRules = (
			);
			dependencies = (
			);
			name = RPS;
			productName = RPS;
			productReference = CDDE4DD5255591F700329982 /* RPS.app */;
			productType = "com.apple.product-type.application";
		};
		CDDE4DEA255591FB00329982 /* RPSTests */ = {
			isa = PBXNativeTarget;
			buildConfigurationList = CDDE4E02255591FB00329982 /* Build configuration list for PBXNativeTarget "RPSTests" */;
			buildPhases = (
				CDDE4DE7255591FB00329982 /* Sources */,
				CDDE4DE8255591FB00329982 /* Frameworks */,
				CDDE4DE9255591FB00329982 /* Resources */,
			);
			buildRules = (
			);
			dependencies = (
				CDDE4DED255591FB00329982 /* PBXTargetDependency */,
			);
			name = RPSTests;
			productName = RPSTests;
			productReference = CDDE4DEB255591FB00329982 /* RPSTests.xctest */;
			productType = "com.apple.product-type.bundle.unit-test";
		};
		CDDE4DF5255591FB00329982 /* RPSUITests */ = {
			isa = PBXNativeTarget;
			buildConfigurationList = CDDE4E05255591FB00329982 /* Build configuration list for PBXNativeTarget "RPSUITests" */;
			buildPhases = (
				CDDE4DF2255591FB00329982 /* Sources */,
				CDDE4DF3255591FB00329982 /* Frameworks */,
				CDDE4DF4255591FB00329982 /* Resources */,
			);
			buildRules = (
			);
			dependencies = (
				CDDE4DF8255591FB00329982 /* PBXTargetDependency */,
			);
			name = RPSUITests;
			productName = RPSUITests;
			productReference = CDDE4DF6255591FB00329982 /* RPSUITests.xctest */;
			productType = "com.apple.product-type.bundle.ui-testing";
		};
/* End PBXNativeTarget section */

/* Begin PBXProject section */
		CDDE4DCD255591F700329982 /* Project object */ = {
			isa = PBXProject;
			attributes = {
				LastSwiftUpdateCheck = 1210;
				LastUpgradeCheck = 1210;
				TargetAttributes = {
					CDDE4DD4255591F700329982 = {
						CreatedOnToolsVersion = 12.1;
					};
					CDDE4DEA255591FB00329982 = {
						CreatedOnToolsVersion = 12.1;
						TestTargetID = CDDE4DD4255591F700329982;
					};
					CDDE4DF5255591FB00329982 = {
						CreatedOnToolsVersion = 12.1;
						TestTargetID = CDDE4DD4255591F700329982;
					};
				};
			};
			buildConfigurationList = CDDE4DD0255591F700329982 /* Build configuration list for PBXProject "RPS" */;
			compatibilityVersion = "Xcode 9.3";
			developmentRegion = en;
			hasScannedForEncodings = 0;
			knownRegions = (
				en,
				Base,
			);
			mainGroup = CDDE4DCC255591F700329982;
			productRefGroup = CDDE4DD6255591F700329982 /* Products */;
			projectDirPath = "";
			projectRoot = "";
			targets = (
				CDDE4DD4255591F700329982 /* RPS */,
				CDDE4DEA255591FB00329982 /* RPSTests */,
				CDDE4DF5255591FB00329982 /* RPSUITests */,
			);
		};
/* End PBXProject section */

/* Begin PBXResourcesBuildPhase section */
		CDDE4DD3255591F700329982 /* Resources */ = {
			isa = PBXResourcesBuildPhase;
			buildActionMask = 2147483647;
			files = (
				CDDE4DE5255591FA00329982 /* LaunchScreen.storyboard in Resources */,
				CDDE4DE2255591FA00329982 /* Assets.xcassets in Resources */,
				CDDE4DE0255591F700329982 /* Main.storyboard in Resources */,
			);
			runOnlyForDeploymentPostprocessing = 0;
		};
		CDDE4DE9255591FB00329982 /* Resources */ = {
			isa = PBXResourcesBuildPhase;
			buildActionMask = 2147483647;
			files = (
			);
			runOnlyForDeploymentPostprocessing = 0;
		};
		CDDE4DF4255591FB00329982 /* Resources */ = {
			isa = PBXResourcesBuildPhase;
			buildActionMask = 2147483647;
			files = (
			);
			runOnlyForDeploymentPostprocessing = 0;
		};
/* End PBXResourcesBuildPhase section */

/* Begin PBXSourcesBuildPhase section */
		CDDE4DD1255591F700329982 /* Sources */ = {
			isa = PBXSourcesBuildPhase;
			buildActionMask = 2147483647;
			files = (
				CDDE4E1925559AD200329982 /* Sign.swift in Sources */,
				CDDE4DDD255591F700329982 /* ViewController.swift in Sources */,
				CDDE4DD9255591F700329982 /* AppDelegate.swift in Sources */,
				CDDE4E112555940000329982 /* GameState.swift in Sources */,
				CDDE4DDB255591F700329982 /* SceneDelegate.swift in Sources */,
			);
			runOnlyForDeploymentPostprocessing = 0;
		};
		CDDE4DE7255591FB00329982 /* Sources */ = {
			isa = PBXSourcesBuildPhase;
			buildActionMask = 2147483647;
			files = (
				CDDE4DF0255591FB00329982 /* RPSTests.swift in Sources */,
			);
			runOnlyForDeploymentPostprocessing = 0;
		};
		CDDE4DF2255591FB00329982 /* Sources */ = {
			isa = PBXSourcesBuildPhase;
			buildActionMask = 2147483647;
			files = (
				CDDE4DFB255591FB00329982 /* RPSUITests.swift in Sources */,
			);
			runOnlyForDeploymentPostprocessing = 0;
		};
/* End PBXSourcesBuildPhase section */

/* Begin PBXTargetDependency section */
		CDDE4DED255591FB00329982 /* PBXTargetDependency */ = {
			isa = PBXTargetDependency;
			target = CDDE4DD4255591F700329982 /* RPS */;
			targetProxy = CDDE4DEC255591FB00329982 /* PBXContainerItemProxy */;
		};
		CDDE4DF8255591FB00329982 /* PBXTargetDependency */ = {
			isa = PBXTargetDependency;
			target = CDDE4DD4255591F700329982 /* RPS */;
			targetProxy = CDDE4DF7255591FB00329982 /* PBXContainerItemProxy */;
		};
/* End PBXTargetDependency section */

/* Begin PBXVariantGroup section */
		CDDE4DDE255591F700329982 /* Main.storyboard */ = {
			isa = PBXVariantGroup;
			children = (
				CDDE4DDF255591F700329982 /* Base */,
			);
			name = Main.storyboard;
			sourceTree = "<group>";
		};
		CDDE4DE3255591FA00329982 /* LaunchScreen.storyboard */ = {
			isa = PBXVariantGroup;
			children = (
				CDDE4DE4255591FA00329982 /* Base */,
			);
			name = LaunchScreen.storyboard;
			sourceTree = "<group>";
		};
/* End PBXVariantGroup section */

/* Begin XCBuildConfiguration section */
		CDDE4DFD255591FB00329982 /* Debug */ = {
			isa = XCBuildConfiguration;
			buildSettings = {
				ALWAYS_SEARCH_USER_PATHS = NO;
				CLANG_ANALYZER_NONNULL = YES;
				CLANG_ANALYZER_NUMBER_OBJECT_CONVERSION = YES_AGGRESSIVE;
				CLANG_CXX_LANGUAGE_STANDARD = "gnu++14";
				CLANG_CXX_LIBRARY = "libc++";
				CLANG_ENABLE_MODULES = YES;
				CLANG_ENABLE_OBJC_ARC = YES;
				CLANG_ENABLE_OBJC_WEAK = YES;
				CLANG_WARN_BLOCK_CAPTURE_AUTORELEASING = YES;
				CLANG_WARN_BOOL_CONVERSION = YES;
				CLANG_WARN_COMMA = YES;
				CLANG_WARN_CONSTANT_CONVERSION = YES;
				CLANG_WARN_DEPRECATED_OBJC_IMPLEMENTATIONS = YES;
				CLANG_WARN_DIRECT_OBJC_ISA_USAGE = YES_ERROR;
				CLANG_WARN_DOCUMENTATION_COMMENTS = YES;
				CLANG_WARN_EMPTY_BODY = YES;
				CLANG_WARN_ENUM_CONVERSION = YES;
				CLANG_WARN_INFINITE_RECURSION = YES;
				CLANG_WARN_INT_CONVERSION = YES;
				CLANG_WARN_NON_LITERAL_NULL_CONVERSION = YES;
				CLANG_WARN_OBJC_IMPLICIT_RETAIN_SELF = YES;
				CLANG_WARN_OBJC_LITERAL_CONVERSION = YES;
				CLANG_WARN_OBJC_ROOT_CLASS = YES_ERROR;
				CLANG_WARN_QUOTED_INCLUDE_IN_FRAMEWORK_HEADER = YES;
				CLANG_WARN_RANGE_LOOP_ANALYSIS = YES;
				CLANG_WARN_STRICT_PROTOTYPES = YES;
				CLANG_WARN_SUSPICIOUS_MOVE = YES;
				CLANG_WARN_UNGUARDED_AVAILABILITY = YES_AGGRESSIVE;
				CLANG_WARN_UNREACHABLE_CODE = YES;
				CLANG_WARN__DUPLICATE_METHOD_MATCH = YES;
				COPY_PHASE_STRIP = NO;
				DEBUG_INFORMATION_FORMAT = dwarf;
				ENABLE_STRICT_OBJC_MSGSEND = YES;
				ENABLE_TESTABILITY = YES;
				GCC_C_LANGUAGE_STANDARD = gnu11;
				GCC_DYNAMIC_NO_PIC = NO;
				GCC_NO_COMMON_BLOCKS = YES;
				GCC_OPTIMIZATION_LEVEL = 0;
				GCC_PREPROCESSOR_DEFINITIONS = (
					"DEBUG=1",
					"$(inherited)",
				);
				GCC_WARN_64_TO_32_BIT_CONVERSION = YES;
				GCC_WARN_ABOUT_RETURN_TYPE = YES_ERROR;
				GCC_WARN_UNDECLARED_SELECTOR = YES;
				GCC_WARN_UNINITIALIZED_AUTOS = YES_AGGRESSIVE;
				GCC_WARN_UNUSED_FUNCTION = YES;
				GCC_WARN_UNUSED_VARIABLE = YES;
				IPHONEOS_DEPLOYMENT_TARGET = 14.1;
				MTL_ENABLE_DEBUG_INFO = INCLUDE_SOURCE;
				MTL_FAST_MATH = YES;
				ONLY_ACTIVE_ARCH = YES;
				SDKROOT = iphoneos;
				SWIFT_ACTIVE_COMPILATION_CONDITIONS = DEBUG;
				SWIFT_OPTIMIZATION_LEVEL = "-Onone";
			};
			name = Debug;
		};
		CDDE4DFE255591FB00329982 /* Release */ = {
			isa = XCBuildConfiguration;
			buildSettings = {
				ALWAYS_SEARCH_USER_PATHS = NO;
				CLANG_ANALYZER_NONNULL = YES;
				CLANG_ANALYZER_NUMBER_OBJECT_CONVERSION = YES_AGGRESSIVE;
				CLANG_CXX_LANGUAGE_STANDARD = "gnu++14";
				CLANG_CXX_LIBRARY = "libc++";
				CLANG_ENABLE_MODULES = YES;
				CLANG_ENABLE_OBJC_ARC = YES;
				CLANG_ENABLE_OBJC_WEAK = YES;
				CLANG_WARN_BLOCK_CAPTURE_AUTORELEASING = YES;
				CLANG_WARN_BOOL_CONVERSION = YES;
				CLANG_WARN_COMMA = YES;
				CLANG_WARN_CONSTANT_CONVERSION = YES;
				CLANG_WARN_DEPRECATED_OBJC_IMPLEMENTATIONS = YES;
				CLANG_WARN_DIRECT_OBJC_ISA_USAGE = YES_ERROR;
				CLANG_WARN_DOCUMENTATION_COMMENTS = YES;
				CLANG_WARN_EMPTY_BODY = YES;
				CLANG_WARN_ENUM_CONVERSION = YES;
				CLANG_WARN_INFINITE_RECURSION = YES;
				CLANG_WARN_INT_CONVERSION = YES;
				CLANG_WARN_NON_LITERAL_NULL_CONVERSION = YES;
				CLANG_WARN_OBJC_IMPLICIT_RETAIN_SELF = YES;
				CLANG_WARN_OBJC_LITERAL_CONVERSION = YES;
				CLANG_WARN_OBJC_ROOT_CLASS = YES_ERROR;
				CLANG_WARN_QUOTED_INCLUDE_IN_FRAMEWORK_HEADER = YES;
				CLANG_WARN_RANGE_LOOP_ANALYSIS = YES;
				CLANG_WARN_STRICT_PROTOTYPES = YES;
				CLANG_WARN_SUSPICIOUS_MOVE = YES;
				CLANG_WARN_UNGUARDED_AVAILABILITY = YES_AGGRESSIVE;
				CLANG_WARN_UNREACHABLE_CODE = YES;
				CLANG_WARN__DUPLICATE_METHOD_MATCH = YES;
				COPY_PHASE_STRIP = NO;
				DEBUG_INFORMATION_FORMAT = "dwarf-with-dsym";
				ENABLE_NS_ASSERTIONS = NO;
				ENABLE_STRICT_OBJC_MSGSEND = YES;
				GCC_C_LANGUAGE_STANDARD = gnu11;
				GCC_NO_COMMON_BLOCKS = YES;
				GCC_WARN_64_TO_32_BIT_CONVERSION = YES;
				GCC_WARN_ABOUT_RETURN_TYPE = YES_ERROR;
				GCC_WARN_UNDECLARED_SELECTOR = YES;
				GCC_WARN_UNINITIALIZED_AUTOS = YES_AGGRESSIVE;
				GCC_WARN_UNUSED_FUNCTION = YES;
				GCC_WARN_UNUSED_VARIABLE = YES;
				IPHONEOS_DEPLOYMENT_TARGET = 14.1;
				MTL_ENABLE_DEBUG_INFO = NO;
				MTL_FAST_MATH = YES;
				SDKROOT = iphoneos;
				SWIFT_COMPILATION_MODE = wholemodule;
				SWIFT_OPTIMIZATION_LEVEL = "-O";
				VALIDATE_PRODUCT = YES;
			};
			name = Release;
		};
		CDDE4E00255591FB00329982 /* Debug */ = {
			isa = XCBuildConfiguration;
			buildSettings = {
				ASSETCATALOG_COMPILER_APPICON_NAME = AppIcon;
				ASSETCATALOG_COMPILER_GLOBAL_ACCENT_COLOR_NAME = AccentColor;
				CODE_SIGN_STYLE = Automatic;
				INFOPLIST_FILE = RPS/Info.plist;
				LD_RUNPATH_SEARCH_PATHS = (
					"$(inherited)",
					"@executable_path/Frameworks",
				);
				PRODUCT_BUNDLE_IDENTIFIER = ves.RPS;
				PRODUCT_NAME = "$(TARGET_NAME)";
				SWIFT_VERSION = 5.0;
				TARGETED_DEVICE_FAMILY = "1,2";
			};
			name = Debug;
		};
		CDDE4E01255591FB00329982 /* Release */ = {
			isa = XCBuildConfiguration;
			buildSettings = {
				ASSETCATALOG_COMPILER_APPICON_NAME = AppIcon;
				ASSETCATALOG_COMPILER_GLOBAL_ACCENT_COLOR_NAME = AccentColor;
				CODE_SIGN_STYLE = Automatic;
				INFOPLIST_FILE = RPS/Info.plist;
				LD_RUNPATH_SEARCH_PATHS = (
					"$(inherited)",
					"@executable_path/Frameworks",
				);
				PRODUCT_BUNDLE_IDENTIFIER = ves.RPS;
				PRODUCT_NAME = "$(TARGET_NAME)";
				SWIFT_VERSION = 5.0;
				TARGETED_DEVICE_FAMILY = "1,2";
			};
			name = Release;
		};
		CDDE4E03255591FB00329982 /* Debug */ = {
			isa = XCBuildConfiguration;
			buildSettings = {
				ALWAYS_EMBED_SWIFT_STANDARD_LIBRARIES = YES;
				BUNDLE_LOADER = "$(TEST_HOST)";
				CODE_SIGN_STYLE = Automatic;
				INFOPLIST_FILE = RPSTests/Info.plist;
				IPHONEOS_DEPLOYMENT_TARGET = 14.1;
				LD_RUNPATH_SEARCH_PATHS = (
					"$(inherited)",
					"@executable_path/Frameworks",
					"@loader_path/Frameworks",
				);
				PRODUCT_BUNDLE_IDENTIFIER = ves.RPSTests;
				PRODUCT_NAME = "$(TARGET_NAME)";
				SWIFT_VERSION = 5.0;
				TARGETED_DEVICE_FAMILY = "1,2";
				TEST_HOST = "$(BUILT_PRODUCTS_DIR)/RPS.app/RPS";
			};
			name = Debug;
		};
		CDDE4E04255591FB00329982 /* Release */ = {
			isa = XCBuildConfiguration;
			buildSettings = {
				ALWAYS_EMBED_SWIFT_STANDARD_LIBRARIES = YES;
				BUNDLE_LOADER = "$(TEST_HOST)";
				CODE_SIGN_STYLE = Automatic;
				INFOPLIST_FILE = RPSTests/Info.plist;
				IPHONEOS_DEPLOYMENT_TARGET = 14.1;
				LD_RUNPATH_SEARCH_PATHS = (
					"$(inherited)",
					"@executable_path/Frameworks",
					"@loader_path/Frameworks",
				);
				PRODUCT_BUNDLE_IDENTIFIER = ves.RPSTests;
				PRODUCT_NAME = "$(TARGET_NAME)";
				SWIFT_VERSION = 5.0;
				TARGETED_DEVICE_FAMILY = "1,2";
				TEST_HOST = "$(BUILT_PRODUCTS_DIR)/RPS.app/RPS";
			};
			name = Release;
		};
		CDDE4E06255591FB00329982 /* Debug */ = {
			isa = XCBuildConfiguration;
			buildSettings = {
				ALWAYS_EMBED_SWIFT_STANDARD_LIBRARIES = YES;
				CODE_SIGN_STYLE = Automatic;
				INFOPLIST_FILE = RPSUITests/Info.plist;
				LD_RUNPATH_SEARCH_PATHS = (
					"$(inherited)",
					"@executable_path/Frameworks",
					"@loader_path/Frameworks",
				);
				PRODUCT_BUNDLE_IDENTIFIER = ves.RPSUITests;
				PRODUCT_NAME = "$(TARGET_NAME)";
				SWIFT_VERSION = 5.0;
				TARGETED_DEVICE_FAMILY = "1,2";
				TEST_TARGET_NAME = RPS;
			};
			name = Debug;
		};
		CDDE4E07255591FB00329982 /* Release */ = {
			isa = XCBuildConfiguration;
			buildSettings = {
				ALWAYS_EMBED_SWIFT_STANDARD_LIBRARIES = YES;
				CODE_SIGN_STYLE = Automatic;
				INFOPLIST_FILE = RPSUITests/Info.plist;
				LD_RUNPATH_SEARCH_PATHS = (
					"$(inherited)",
					"@executable_path/Frameworks",
					"@loader_path/Frameworks",
				);
				PRODUCT_BUNDLE_IDENTIFIER = ves.RPSUITests;
				PRODUCT_NAME = "$(TARGET_NAME)";
				SWIFT_VERSION = 5.0;
				TARGETED_DEVICE_FAMILY = "1,2";
				TEST_TARGET_NAME = RPS;
			};
			name = Release;
		};
/* End XCBuildConfiguration section */

/* Begin XCConfigurationList section */
		CDDE4DD0255591F700329982 /* Build configuration list for PBXProject "RPS" */ = {
			isa = XCConfigurationList;
			buildConfigurations = (
				CDDE4DFD255591FB00329982 /* Debug */,
				CDDE4DFE255591FB00329982 /* Release */,
			);
			defaultConfigurationIsVisible = 0;
			defaultConfigurationName = Release;
		};
		CDDE4DFF255591FB00329982 /* Build configuration list for PBXNativeTarget "RPS" */ = {
			isa = XCConfigurationList;
			buildConfigurations = (
				CDDE4E00255591FB00329982 /* Debug */,
				CDDE4E01255591FB00329982 /* Release */,
			);
			defaultConfigurationIsVisible = 0;
			defaultConfigurationName = Release;
		};
		CDDE4E02255591FB00329982 /* Build configuration list for PBXNativeTarget "RPSTests" */ = {
			isa = XCConfigurationList;
			buildConfigurations = (
				CDDE4E03255591FB00329982 /* Debug */,
				CDDE4E04255591FB00329982 /* Release */,
			);
			defaultConfigurationIsVisible = 0;
			defaultConfigurationName = Release;
		};
		CDDE4E05255591FB00329982 /* Build configuration list for PBXNativeTarget "RPSUITests" */ = {
			isa = XCConfigurationList;
			buildConfigurations = (
				CDDE4E06255591FB00329982 /* Debug */,
				CDDE4E07255591FB00329982 /* Release */,
			);
			defaultConfigurationIsVisible = 0;
			defaultConfigurationName = Release;
		};
/* End XCConfigurationList section */
	};
	rootObject = CDDE4DCD255591F700329982 /* Project object */;
}
